code.cloudfoundry.org/lager v0.0.0-20170223024724-de8e9c6c6e47 h1:k1hr0iJ38M8fdCzufPnqqA0UEleIfY6tU4aY4pn/D+A=
code.cloudfoundry.org/lager v0.0.0-20170223024724-de8e9c6c6e47/go.mod h1:O2sS7gKP3HM2iemG+EnwvyNQK7pTSC6Foi4QiMp9sSk=
github.com/bmatcuk/doublestar v0.0.0-20160923203736-dd6a6f0a8cdf h1:WDs+5DiuCDeegluSlIwksn97W8UPMLSjM73xF/lnZpY=
github.com/bmatcuk/doublestar v0.0.0-20160923203736-dd6a6f0a8cdf/go.mod h1:UD6OnuiIn0yFxxA2le/rnRU1G4RaI4UvFv1sNto9p6w=
github.com/bmatcuk/doublestar v1.1.5 h1:2bNwBOmhyFEFcoB3tGvTD5xanq+4kyOZlB8wFYbMjkk=
github.com/bmatcuk/doublestar v1.1.5/go.mod h1:wiQtGV+rzVYxB7WIlirSN++5HPtPlXEo9MEoZQC/PmE=
github.com/charlievieth/fs v0.0.0-20170405210325-7bfe628b7c97 h1:9VCSEgZNcXNCPh7KnDFSb2GaEQL1p/1C4IfyQB/e4B0=
github.com/charlievieth/fs v0.0.0-20170405210325-7bfe628b7c97/go.mod h1:sAoA1zHCH4FJPE2gne5iBiiVG66U7Nyp6JqlOo+FEyg=
github.com/charlievieth/fs v0.0.0-20170613215519-7dc373669fa1 h1:vTlpHKxJqykyKdW9bkrDJNWeKNuSIAJ0TP/K4lRsz/Q=
github.com/charlievieth/fs v0.0.0-20170613215519-7dc373669fa1/go.mod h1:sAoA1zHCH4FJPE2gne5iBiiVG66U7Nyp6JqlOo+FEyg=
github.com/cloudfoundry/bosh-utils v0.0.0-20170328162425-0d36faac7403 h1:GvRKefCz1luMPB2C2qd13CQrTeYXTCBHm3KwyDEBryA=
github.com/cloudfoundry/bosh-utils v0.0.0-20170328162425-0d36faac7403/go.mod h1:JCrKwetZGjxbfq1U139TZuXDBfdGLtjOEAfxMWKV/QM=
github.com/gorilla/context v1.1.1 h1:AWwleXJkX/nhcU9bZSnZoi3h/qGYqQAGhq6zZe/aQW8=
github.com/gorilla/context v1.1.1/go.mod h1:kBGZzfjB9CEq2AlWe17Uuf7NDRt0dE0s8S51q0aT7Yg=
github.com/gorilla/mux v0.0.0-20170228224354-599cba5e7b61 h1:4lceeSGcX6bSAeeTiqcGX4DX6pMLPG5fKHvGeWAP/5c=
github.com/gorilla/mux v0.0.0-20170228224354-599cba5e7b61/go.mod h1:1lud6UwP+6orDFRuTfBEV8e9/aOM/c4fVVCaMa2zaAs=
github.com/hashicorp/errwrap v0.0.0-20141028054710-7554cd9344ce h1:prjrVgOk2Yg6w+PflHoszQNLTUh4kaByUcEWM/9uin4=
github.com/hashicorp/errwrap v0.0.0-20141028054710-7554cd9344ce/go.mod h1:YH+1FKiLXxHSkmPseP+kNlulaMuP3n2brvKWEqk/Jc4=
github.com/jessevdk/go-flags v0.0.0-20170212220246-460c7bb0abd6 h1:3sqgDDcqnooPDgktvzvan9LN4PGl3N0NqSk1ostdtqw=
github.com/jessevdk/go-flags v0.0.0-20170212220246-460c7bb0abd6/go.mod h1:4FA24M0QyGHXBuZZK/XkWh8h0e1EYbRYJSGM75WSRxI=
github.com/jhunt/go-table v0.0.0-20171017044620-4d35b919af4f h1:AMGBwFtuRYfMqMiwIf/AuelJStYZxio6m982cLTwyBg=
github.com/jhunt/go-table v0.0.0-20171017044620-4d35b919af4f/go.mod h1:ws87Lzc/NsPhH1MRRNk2IBANVMHsaQws0NqstHrveaE=
github.com/pborman/uuid v0.0.0-20170112150404-1b00554d8222 h1:goeTyGkArOZIVOMA0dQbyuPWGNQJZGPwPu/QS9GlpnA=
github.com/pborman/uuid v0.0.0-20170112150404-1b00554d8222/go.mod h1:VyrYX9gd7irzKovcSS6BIIEwPRkP2Wm2m9ufcdFSJ34=
github.com/pivotal-cf/brokerapi v0.0.0-20170307172350-8f25c50c2794 h1:1fVGAIMh4IF7MaTlkQ2EqvvJcf7U+pQaVoHb5aBR14s=
github.com/pivotal-cf/brokerapi v0.0.0-20170307172350-8f25c50c2794/go.mod h1:P+oA8NvkCTkq2t4DohBiyqQo69Ub15RKGcm/vKNP0gg=
gopkg.in/yaml.v2 v2.0.0-20170407172122-cd8b52f8269e h1:o/mfNjxpTLivuKEfxzzwrJ8PmulH2wEp7t713uMwKAA=
gopkg.in/yaml.v2 v2.0.0-20170407172122-cd8b52f8269e/go.mod h1:JAlM8MvJe8wmxCU4Bli9HhUf9+ttbYbLASfIpnQbh74=
